
Microsoft Visual Studio Solution File, Format Version 12.00
# Visual Studio Version 16
VisualStudioVersion = 16.0.29709.97
MinimumVisualStudioVersion = 10.0.40219.1
Project("{FAE04EC0-301F-11D3-BF4B-00C04F79EFBC}") = "Factory Method", "Factory Method\Factory Method.csproj", "{00401F2A-EB4A-48FF-BE9B-12F192304364}"
EndProject
Global
	GlobalSection(SolutionConfigurationPlatforms) = preSolution
		Debug|Any CPU = Debug|Any CPU
		Release|Any CPU = Release|Any CPU
	EndGlobalSection
	GlobalSection(ProjectConfigurationPlatforms) = postSolution
		{00401F2A-EB4A-48FF-BE9B-12F192304364}.Debug|Any CPU.ActiveCfg = Debug|Any CPU
		{00401F2A-EB4A-48FF-BE9B-12F192304364}.Debug|Any CPU.Build.0 = Debug|Any CPU
		{00401F2A-EB4A-48FF-BE9B-12F192304364}.Release|Any CPU.ActiveCfg = Release|Any CPU
		{00401F2A-EB4A-48FF-BE9B-12F192304364}.Release|Any CPU.Build.0 = Release|Any CPU
	EndGlobalSection
	GlobalSection(SolutionProperties) = preSolution
		HideSolutionNode = FALSE
	EndGlobalSection
	GlobalSection(ExtensibilityGlobals) = postSolution
		SolutionGuid = {64195EA5-EAA7-4B96-8B3D-220B83725D88}
	EndGlobalSection
EndGlobal
